
Microsoft Visual Studio Solution File, Format Version 12.00
# Visual Studio Version 18
VisualStudioVersion = 18.2.11415.280
MinimumVisualStudioVersion = 10.0.40219.1
Project("{FAE04EC0-301F-11D3-BF4B-00C04F79EFBC}") = "Kurochou.API", "Kurochou.API\Kurochou.API.csproj", "{A3EFAC4C-4F4F-4988-9822-8041A1AF1DBE}"
EndProject
Project("{FAE04EC0-301F-11D3-BF4B-00C04F79EFBC}") = "Kurochou.Domain", "Kurochou.Domain\Kurochou.Domain.csproj", "{3FBBE836-7174-41A5-AA1D-28C38237DD6E}"
EndProject
Project("{2150E333-8FDC-42A3-9474-1A3956D46DE8}") = "Solution Items", "Solution Items", "{02EA681E-C7D8-13C7-8484-4AC65E1B71E8}"
	ProjectSection(SolutionItems) = preProject
		.editorconfig = .editorconfig
	EndProjectSection
EndProject
Project("{FAE04EC0-301F-11D3-BF4B-00C04F79EFBC}") = "Kurochou.DI", "Kurochou.DI\Kurochou.DI.csproj", "{22B232C1-72CC-4A1B-83FA-D26ADE8CF9BD}"
EndProject
Project("{FAE04EC0-301F-11D3-BF4B-00C04F79EFBC}") = "Kurochou.Infra", "Kurochou.Infra\Kurochou.Infra.csproj", "{D2636F4D-A137-4166-905F-F74CD9D54F48}"
EndProject
Project("{FAE04EC0-301F-11D3-BF4B-00C04F79EFBC}") = "Kurochou.App", "Kurochou.App\Kurochou.App.csproj", "{B8A58259-6083-4BBC-9A25-12BA63700271}"
EndProject
Global
	GlobalSection(SolutionConfigurationPlatforms) = preSolution
		Debug|Any CPU = Debug|Any CPU
		Release|Any CPU = Release|Any CPU
	EndGlobalSection
	GlobalSection(ProjectConfigurationPlatforms) = postSolution
		{A3EFAC4C-4F4F-4988-9822-8041A1AF1DBE}.Debug|Any CPU.ActiveCfg = Debug|Any CPU
		{A3EFAC4C-4F4F-4988-9822-8041A1AF1DBE}.Debug|Any CPU.Build.0 = Debug|Any CPU
		{A3EFAC4C-4F4F-4988-9822-8041A1AF1DBE}.Release|Any CPU.ActiveCfg = Release|Any CPU
		{A3EFAC4C-4F4F-4988-9822-8041A1AF1DBE}.Release|Any CPU.Build.0 = Release|Any CPU
		{3FBBE836-7174-41A5-AA1D-28C38237DD6E}.Debug|Any CPU.ActiveCfg = Debug|Any CPU
		{3FBBE836-7174-41A5-AA1D-28C38237DD6E}.Debug|Any CPU.Build.0 = Debug|Any CPU
		{3FBBE836-7174-41A5-AA1D-28C38237DD6E}.Release|Any CPU.ActiveCfg = Release|Any CPU
		{3FBBE836-7174-41A5-AA1D-28C38237DD6E}.Release|Any CPU.Build.0 = Release|Any CPU
		{22B232C1-72CC-4A1B-83FA-D26ADE8CF9BD}.Debug|Any CPU.ActiveCfg = Debug|Any CPU
		{22B232C1-72CC-4A1B-83FA-D26ADE8CF9BD}.Debug|Any CPU.Build.0 = Debug|Any CPU
		{22B232C1-72CC-4A1B-83FA-D26ADE8CF9BD}.Release|Any CPU.ActiveCfg = Release|Any CPU
		{22B232C1-72CC-4A1B-83FA-D26ADE8CF9BD}.Release|Any CPU.Build.0 = Release|Any CPU
		{D2636F4D-A137-4166-905F-F74CD9D54F48}.Debug|Any CPU.ActiveCfg = Debug|Any CPU
		{D2636F4D-A137-4166-905F-F74CD9D54F48}.Debug|Any CPU.Build.0 = Debug|Any CPU
		{D2636F4D-A137-4166-905F-F74CD9D54F48}.Release|Any CPU.ActiveCfg = Release|Any CPU
		{D2636F4D-A137-4166-905F-F74CD9D54F48}.Release|Any CPU.Build.0 = Release|Any CPU
		{B8A58259-6083-4BBC-9A25-12BA63700271}.Debug|Any CPU.ActiveCfg = Debug|Any CPU
		{B8A58259-6083-4BBC-9A25-12BA63700271}.Debug|Any CPU.Build.0 = Debug|Any CPU
		{B8A58259-6083-4BBC-9A25-12BA63700271}.Release|Any CPU.ActiveCfg = Release|Any CPU
		{B8A58259-6083-4BBC-9A25-12BA63700271}.Release|Any CPU.Build.0 = Release|Any CPU
	EndGlobalSection
	GlobalSection(SolutionProperties) = preSolution
		HideSolutionNode = FALSE
	EndGlobalSection
	GlobalSection(ExtensibilityGlobals) = postSolution
		SolutionGuid = {604FC6ED-5753-4DE8-8521-B991A22F8FEF}
	EndGlobalSection
EndGlobal
